
Microsoft Visual Studio Solution File, Format Version 12.00
# Visual Studio Version 17
VisualStudioVersion = 17.11.35327.3
MinimumVisualStudioVersion = 10.0.40219.1
Project("{9A19103F-16F7-4668-BE54-9A1E7A4F7556}") = "Coffee", "Coffee\Coffee.csproj", "{FF7627AC-61D3-41A4-89CC-5A5B66AE21C6}"
EndProject
Project("{FAE04EC0-301F-11D3-BF4B-00C04F79EFBC}") = "TestProject1CoffeeMashine", "TestProject1CoffeeMashine\TestProject1CoffeeMashine.csproj", "{32E87EE2-2386-4C36-B14F-156F1ABA0611}"
EndProject
Global
	GlobalSection(SolutionConfigurationPlatforms) = preSolution
		Debug|Any CPU = Debug|Any CPU
		Release|Any CPU = Release|Any CPU
	EndGlobalSection
	GlobalSection(ProjectConfigurationPlatforms) = postSolution
		{FF7627AC-61D3-41A4-89CC-5A5B66AE21C6}.Debug|Any CPU.ActiveCfg = Debug|Any CPU
		{FF7627AC-61D3-41A4-89CC-5A5B66AE21C6}.Debug|Any CPU.Build.0 = Debug|Any CPU
		{FF7627AC-61D3-41A4-89CC-5A5B66AE21C6}.Release|Any CPU.ActiveCfg = Release|Any CPU
		{FF7627AC-61D3-41A4-89CC-5A5B66AE21C6}.Release|Any CPU.Build.0 = Release|Any CPU
		{32E87EE2-2386-4C36-B14F-156F1ABA0611}.Debug|Any CPU.ActiveCfg = Debug|Any CPU
		{32E87EE2-2386-4C36-B14F-156F1ABA0611}.Debug|Any CPU.Build.0 = Debug|Any CPU
		{32E87EE2-2386-4C36-B14F-156F1ABA0611}.Release|Any CPU.ActiveCfg = Release|Any CPU
		{32E87EE2-2386-4C36-B14F-156F1ABA0611}.Release|Any CPU.Build.0 = Release|Any CPU
	EndGlobalSection
	GlobalSection(SolutionProperties) = preSolution
		HideSolutionNode = FALSE
	EndGlobalSection
	GlobalSection(ExtensibilityGlobals) = postSolution
		SolutionGuid = {15D0410B-D60E-4483-B085-A3976D30CA4C}
	EndGlobalSection
EndGlobal
